
Microsoft Visual Studio Solution File, Format Version 12.00
# Visual Studio Version 16
VisualStudioVersion = 16.0.30002.166
MinimumVisualStudioVersion = 10.0.40219.1
Project("{FAE04EC0-301F-11D3-BF4B-00C04F79EFBC}") = "CapaDatos", "CapaDatos.csproj", "{A2FEC31B-C3A8-4220-9B34-E7D06463BE0A}"
EndProject
Project("{FAE04EC0-301F-11D3-BF4B-00C04F79EFBC}") = "CapaNegocios", "..\CapaNegocios\CapaNegocios.csproj", "{CBC8F4E9-3FAC-4574-A25A-762752367981}"
EndProject
Project("{FAE04EC0-301F-11D3-BF4B-00C04F79EFBC}") = "CapaComun", "..\CapaComun\CapaComun.csproj", "{F1FA56C3-A2DA-456D-A0DA-2BF3BE9F5CC7}"
EndProject
Project("{FAE04EC0-301F-11D3-BF4B-00C04F79EFBC}") = "CapaPresentacion", "..\CapaPresentacion\CapaPresentacion.csproj", "{7B17CA56-3BBE-476C-8DB4-7C44D069B0B4}"
EndProject
Global
	GlobalSection(SolutionConfigurationPlatforms) = preSolution
		Debug|Any CPU = Debug|Any CPU
		Release|Any CPU = Release|Any CPU
	EndGlobalSection
	GlobalSection(ProjectConfigurationPlatforms) = postSolution
		{A2FEC31B-C3A8-4220-9B34-E7D06463BE0A}.Debug|Any CPU.ActiveCfg = Debug|Any CPU
		{A2FEC31B-C3A8-4220-9B34-E7D06463BE0A}.Debug|Any CPU.Build.0 = Debug|Any CPU
		{A2FEC31B-C3A8-4220-9B34-E7D06463BE0A}.Release|Any CPU.ActiveCfg = Release|Any CPU
		{A2FEC31B-C3A8-4220-9B34-E7D06463BE0A}.Release|Any CPU.Build.0 = Release|Any CPU
		{CBC8F4E9-3FAC-4574-A25A-762752367981}.Debug|Any CPU.ActiveCfg = Debug|Any CPU
		{CBC8F4E9-3FAC-4574-A25A-762752367981}.Debug|Any CPU.Build.0 = Debug|Any CPU
		{CBC8F4E9-3FAC-4574-A25A-762752367981}.Release|Any CPU.ActiveCfg = Release|Any CPU
		{CBC8F4E9-3FAC-4574-A25A-762752367981}.Release|Any CPU.Build.0 = Release|Any CPU
		{F1FA56C3-A2DA-456D-A0DA-2BF3BE9F5CC7}.Debug|Any CPU.ActiveCfg = Debug|Any CPU
		{F1FA56C3-A2DA-456D-A0DA-2BF3BE9F5CC7}.Debug|Any CPU.Build.0 = Debug|Any CPU
		{F1FA56C3-A2DA-456D-A0DA-2BF3BE9F5CC7}.Release|Any CPU.ActiveCfg = Release|Any CPU
		{F1FA56C3-A2DA-456D-A0DA-2BF3BE9F5CC7}.Release|Any CPU.Build.0 = Release|Any CPU
		{7B17CA56-3BBE-476C-8DB4-7C44D069B0B4}.Debug|Any CPU.ActiveCfg = Debug|Any CPU
		{7B17CA56-3BBE-476C-8DB4-7C44D069B0B4}.Debug|Any CPU.Build.0 = Debug|Any CPU
		{7B17CA56-3BBE-476C-8DB4-7C44D069B0B4}.Release|Any CPU.ActiveCfg = Release|Any CPU
		{7B17CA56-3BBE-476C-8DB4-7C44D069B0B4}.Release|Any CPU.Build.0 = Release|Any CPU
	EndGlobalSection
	GlobalSection(SolutionProperties) = preSolution
		HideSolutionNode = FALSE
	EndGlobalSection
	GlobalSection(ExtensibilityGlobals) = postSolution
		SolutionGuid = {C071EDEC-85BD-4718-8EEC-FC226ED53E0D}
	EndGlobalSection
EndGlobal
